
Microsoft Visual Studio Solution File, Format Version 12.00
# Visual Studio 15
VisualStudioVersion = 15.0.27130.2010
MinimumVisualStudioVersion = 10.0.40219.1
Project("{FAE04EC0-301F-11D3-BF4B-00C04F79EFBC}") = "kertotaulu", "ConsoleApp3\kertotaulu.csproj", "{30961946-5CA7-4A5B-9246-556BB62F93FB}"
EndProject
Project("{FAE04EC0-301F-11D3-BF4B-00C04F79EFBC}") = "ConsoleApp1", "ConsoleApp1\ConsoleApp1.csproj", "{DE55D94D-713A-4E04-9C04-DCF183A2F8C3}"
EndProject
Project("{FAE04EC0-301F-11D3-BF4B-00C04F79EFBC}") = "kokonaislukujen tulostaminen", "ConsoleApp2\kokonaislukujen tulostaminen.csproj", "{C12FB522-8C74-4887-A6AD-D08FE60A4426}"
EndProject
Project("{FAE04EC0-301F-11D3-BF4B-00C04F79EFBC}") = "Kolikko", "ConsoleApp4\Kolikko.csproj", "{566C10EB-5424-4AB0-810A-7131B99B0425}"
EndProject
Project("{FAE04EC0-301F-11D3-BF4B-00C04F79EFBC}") = "vakio", "ConsoleApp5\vakio.csproj", "{E5567165-577F-4DED-9D43-ED962F447219}"
EndProject
Global
	GlobalSection(SolutionConfigurationPlatforms) = preSolution
		Debug|Any CPU = Debug|Any CPU
		Release|Any CPU = Release|Any CPU
	EndGlobalSection
	GlobalSection(ProjectConfigurationPlatforms) = postSolution
		{30961946-5CA7-4A5B-9246-556BB62F93FB}.Debug|Any CPU.ActiveCfg = Debug|Any CPU
		{30961946-5CA7-4A5B-9246-556BB62F93FB}.Debug|Any CPU.Build.0 = Debug|Any CPU
		{30961946-5CA7-4A5B-9246-556BB62F93FB}.Release|Any CPU.ActiveCfg = Release|Any CPU
		{30961946-5CA7-4A5B-9246-556BB62F93FB}.Release|Any CPU.Build.0 = Release|Any CPU
		{DE55D94D-713A-4E04-9C04-DCF183A2F8C3}.Debug|Any CPU.ActiveCfg = Debug|Any CPU
		{DE55D94D-713A-4E04-9C04-DCF183A2F8C3}.Debug|Any CPU.Build.0 = Debug|Any CPU
		{DE55D94D-713A-4E04-9C04-DCF183A2F8C3}.Release|Any CPU.ActiveCfg = Release|Any CPU
		{DE55D94D-713A-4E04-9C04-DCF183A2F8C3}.Release|Any CPU.Build.0 = Release|Any CPU
		{C12FB522-8C74-4887-A6AD-D08FE60A4426}.Debug|Any CPU.ActiveCfg = Debug|Any CPU
		{C12FB522-8C74-4887-A6AD-D08FE60A4426}.Debug|Any CPU.Build.0 = Debug|Any CPU
		{C12FB522-8C74-4887-A6AD-D08FE60A4426}.Release|Any CPU.ActiveCfg = Release|Any CPU
		{C12FB522-8C74-4887-A6AD-D08FE60A4426}.Release|Any CPU.Build.0 = Release|Any CPU
		{566C10EB-5424-4AB0-810A-7131B99B0425}.Debug|Any CPU.ActiveCfg = Debug|Any CPU
		{566C10EB-5424-4AB0-810A-7131B99B0425}.Debug|Any CPU.Build.0 = Debug|Any CPU
		{566C10EB-5424-4AB0-810A-7131B99B0425}.Release|Any CPU.ActiveCfg = Release|Any CPU
		{566C10EB-5424-4AB0-810A-7131B99B0425}.Release|Any CPU.Build.0 = Release|Any CPU
		{E5567165-577F-4DED-9D43-ED962F447219}.Debug|Any CPU.ActiveCfg = Debug|Any CPU
		{E5567165-577F-4DED-9D43-ED962F447219}.Debug|Any CPU.Build.0 = Debug|Any CPU
		{E5567165-577F-4DED-9D43-ED962F447219}.Release|Any CPU.ActiveCfg = Release|Any CPU
		{E5567165-577F-4DED-9D43-ED962F447219}.Release|Any CPU.Build.0 = Release|Any CPU
	EndGlobalSection
	GlobalSection(SolutionProperties) = preSolution
		HideSolutionNode = FALSE
	EndGlobalSection
	GlobalSection(ExtensibilityGlobals) = postSolution
		SolutionGuid = {2ABC11F5-83E0-4E8F-9641-2B35146C59E7}
	EndGlobalSection
EndGlobal
