
Microsoft Visual Studio Solution File, Format Version 12.00
# Visual Studio 15
VisualStudioVersion = 15.0.27130.2010
MinimumVisualStudioVersion = 10.0.40219.1
Project("{FAE04EC0-301F-11D3-BF4B-00C04F79EFBC}") = "ConsoleApp1", "ConsoleApp4\ConsoleApp1.csproj", "{EB4C1ED1-94BD-4F6E-9C65-2667D883F752}"
EndProject
Project("{FAE04EC0-301F-11D3-BF4B-00C04F79EFBC}") = "ConsoleApp2", "ConsoleApp2\ConsoleApp2.csproj", "{4A21D815-51B1-4A03-B05C-03300FCB5D57}"
EndProject
Project("{FAE04EC0-301F-11D3-BF4B-00C04F79EFBC}") = "ConsoleApp3", "ConsoleApp3\ConsoleApp3.csproj", "{EF3AEA8A-5546-45E6-96A6-719EDE9D5422}"
EndProject
Global
	GlobalSection(SolutionConfigurationPlatforms) = preSolution
		Debug|Any CPU = Debug|Any CPU
		Release|Any CPU = Release|Any CPU
	EndGlobalSection
	GlobalSection(ProjectConfigurationPlatforms) = postSolution
		{EB4C1ED1-94BD-4F6E-9C65-2667D883F752}.Debug|Any CPU.ActiveCfg = Debug|Any CPU
		{EB4C1ED1-94BD-4F6E-9C65-2667D883F752}.Debug|Any CPU.Build.0 = Debug|Any CPU
		{EB4C1ED1-94BD-4F6E-9C65-2667D883F752}.Release|Any CPU.ActiveCfg = Release|Any CPU
		{EB4C1ED1-94BD-4F6E-9C65-2667D883F752}.Release|Any CPU.Build.0 = Release|Any CPU
		{4A21D815-51B1-4A03-B05C-03300FCB5D57}.Debug|Any CPU.ActiveCfg = Debug|Any CPU
		{4A21D815-51B1-4A03-B05C-03300FCB5D57}.Debug|Any CPU.Build.0 = Debug|Any CPU
		{4A21D815-51B1-4A03-B05C-03300FCB5D57}.Release|Any CPU.ActiveCfg = Release|Any CPU
		{4A21D815-51B1-4A03-B05C-03300FCB5D57}.Release|Any CPU.Build.0 = Release|Any CPU
		{EF3AEA8A-5546-45E6-96A6-719EDE9D5422}.Debug|Any CPU.ActiveCfg = Debug|Any CPU
		{EF3AEA8A-5546-45E6-96A6-719EDE9D5422}.Debug|Any CPU.Build.0 = Debug|Any CPU
		{EF3AEA8A-5546-45E6-96A6-719EDE9D5422}.Release|Any CPU.ActiveCfg = Release|Any CPU
		{EF3AEA8A-5546-45E6-96A6-719EDE9D5422}.Release|Any CPU.Build.0 = Release|Any CPU
	EndGlobalSection
	GlobalSection(SolutionProperties) = preSolution
		HideSolutionNode = FALSE
	EndGlobalSection
	GlobalSection(ExtensibilityGlobals) = postSolution
		SolutionGuid = {F916DB67-A59C-4CDC-893A-D0AA011A1DCF}
	EndGlobalSection
EndGlobal
